
Microsoft Visual Studio Solution File, Format Version 12.00
# Visual Studio Version 16
VisualStudioVersion = 16.0.33423.256
MinimumVisualStudioVersion = 10.0.40219.1
Project("{FAE04EC0-301F-11D3-BF4B-00C04F79EFBC}") = "Problem 1", "Problem 1.csproj", "{8AC4D1F1-ECDD-48FE-A91B-DCBE6E7B7E38}"
EndProject
Global
	GlobalSection(SolutionConfigurationPlatforms) = preSolution
		Debug|Any CPU = Debug|Any CPU
		Release|Any CPU = Release|Any CPU
	EndGlobalSection
	GlobalSection(ProjectConfigurationPlatforms) = postSolution
		{8AC4D1F1-ECDD-48FE-A91B-DCBE6E7B7E38}.Debug|Any CPU.ActiveCfg = Debug|Any CPU
		{8AC4D1F1-ECDD-48FE-A91B-DCBE6E7B7E38}.Debug|Any CPU.Build.0 = Debug|Any CPU
		{8AC4D1F1-ECDD-48FE-A91B-DCBE6E7B7E38}.Release|Any CPU.ActiveCfg = Release|Any CPU
		{8AC4D1F1-ECDD-48FE-A91B-DCBE6E7B7E38}.Release|Any CPU.Build.0 = Release|Any CPU
	EndGlobalSection
	GlobalSection(SolutionProperties) = preSolution
		HideSolutionNode = FALSE
	EndGlobalSection
	GlobalSection(ExtensibilityGlobals) = postSolution
		SolutionGuid = {594B230C-8922-405F-A7F9-D523C4710F26}
	EndGlobalSection
EndGlobal
