
Microsoft Visual Studio Solution File, Format Version 12.00
# Visual Studio Version 16
VisualStudioVersion = 16.0.33423.256
MinimumVisualStudioVersion = 10.0.40219.1
Project("{FAE04EC0-301F-11D3-BF4B-00C04F79EFBC}") = "Challenge 1", "Challenge 1.csproj", "{2CB846BC-5096-4F09-95E3-C07A12457688}"
EndProject
Global
	GlobalSection(SolutionConfigurationPlatforms) = preSolution
		Debug|Any CPU = Debug|Any CPU
		Release|Any CPU = Release|Any CPU
	EndGlobalSection
	GlobalSection(ProjectConfigurationPlatforms) = postSolution
		{2CB846BC-5096-4F09-95E3-C07A12457688}.Debug|Any CPU.ActiveCfg = Debug|Any CPU
		{2CB846BC-5096-4F09-95E3-C07A12457688}.Debug|Any CPU.Build.0 = Debug|Any CPU
		{2CB846BC-5096-4F09-95E3-C07A12457688}.Release|Any CPU.ActiveCfg = Release|Any CPU
		{2CB846BC-5096-4F09-95E3-C07A12457688}.Release|Any CPU.Build.0 = Release|Any CPU
	EndGlobalSection
	GlobalSection(SolutionProperties) = preSolution
		HideSolutionNode = FALSE
	EndGlobalSection
	GlobalSection(ExtensibilityGlobals) = postSolution
		SolutionGuid = {D725DC68-47B5-49C2-A67A-7F0E7CCAB1A7}
	EndGlobalSection
EndGlobal
