
Microsoft Visual Studio Solution File, Format Version 12.00
# Visual Studio Version 16
VisualStudioVersion = 16.0.33423.256
MinimumVisualStudioVersion = 10.0.40219.1
Project("{FAE04EC0-301F-11D3-BF4B-00C04F79EFBC}") = "ConsoleApp4", "ConsoleApp4.csproj", "{5FF88010-FFB9-47CF-B6C0-7A07823B8F15}"
EndProject
Global
	GlobalSection(SolutionConfigurationPlatforms) = preSolution
		Debug|Any CPU = Debug|Any CPU
		Release|Any CPU = Release|Any CPU
	EndGlobalSection
	GlobalSection(ProjectConfigurationPlatforms) = postSolution
		{5FF88010-FFB9-47CF-B6C0-7A07823B8F15}.Debug|Any CPU.ActiveCfg = Debug|Any CPU
		{5FF88010-FFB9-47CF-B6C0-7A07823B8F15}.Debug|Any CPU.Build.0 = Debug|Any CPU
		{5FF88010-FFB9-47CF-B6C0-7A07823B8F15}.Release|Any CPU.ActiveCfg = Release|Any CPU
		{5FF88010-FFB9-47CF-B6C0-7A07823B8F15}.Release|Any CPU.Build.0 = Release|Any CPU
	EndGlobalSection
	GlobalSection(SolutionProperties) = preSolution
		HideSolutionNode = FALSE
	EndGlobalSection
	GlobalSection(ExtensibilityGlobals) = postSolution
		SolutionGuid = {FFCDA71A-5493-45D6-9C70-DFC0E9909E5C}
	EndGlobalSection
EndGlobal
